
Microsoft Visual Studio Solution File, Format Version 12.00
# Visual Studio Version 17
VisualStudioVersion = 17.5.33530.505
MinimumVisualStudioVersion = 10.0.40219.1
Project("{9A19103F-16F7-4668-BE54-9A1E7A4F7556}") = "Zibma.Sample.Person.Api", "Zibma.Sample.Person.Api\Zibma.Sample.Person.Api.csproj", "{5EF49DBF-2CB3-44F7-A23B-CF0D047CB9F0}"
EndProject
Project("{FAE04EC0-301F-11D3-BF4B-00C04F79EFBC}") = "BOL", "BOL\BOL.csproj", "{52963347-5AB4-4DCB-A524-08EF74CD6B4C}"
EndProject
Project("{FAE04EC0-301F-11D3-BF4B-00C04F79EFBC}") = "BLL", "BLL\BLL.csproj", "{0C15757C-4775-46B1-887C-9AF04F395F29}"
EndProject
Global
	GlobalSection(SolutionConfigurationPlatforms) = preSolution
		Debug|Any CPU = Debug|Any CPU
		Release|Any CPU = Release|Any CPU
	EndGlobalSection
	GlobalSection(ProjectConfigurationPlatforms) = postSolution
		{5EF49DBF-2CB3-44F7-A23B-CF0D047CB9F0}.Debug|Any CPU.ActiveCfg = Debug|Any CPU
		{5EF49DBF-2CB3-44F7-A23B-CF0D047CB9F0}.Debug|Any CPU.Build.0 = Debug|Any CPU
		{5EF49DBF-2CB3-44F7-A23B-CF0D047CB9F0}.Release|Any CPU.ActiveCfg = Release|Any CPU
		{5EF49DBF-2CB3-44F7-A23B-CF0D047CB9F0}.Release|Any CPU.Build.0 = Release|Any CPU
		{52963347-5AB4-4DCB-A524-08EF74CD6B4C}.Debug|Any CPU.ActiveCfg = Debug|Any CPU
		{52963347-5AB4-4DCB-A524-08EF74CD6B4C}.Debug|Any CPU.Build.0 = Debug|Any CPU
		{52963347-5AB4-4DCB-A524-08EF74CD6B4C}.Release|Any CPU.ActiveCfg = Release|Any CPU
		{52963347-5AB4-4DCB-A524-08EF74CD6B4C}.Release|Any CPU.Build.0 = Release|Any CPU
		{0C15757C-4775-46B1-887C-9AF04F395F29}.Debug|Any CPU.ActiveCfg = Debug|Any CPU
		{0C15757C-4775-46B1-887C-9AF04F395F29}.Debug|Any CPU.Build.0 = Debug|Any CPU
		{0C15757C-4775-46B1-887C-9AF04F395F29}.Release|Any CPU.ActiveCfg = Release|Any CPU
		{0C15757C-4775-46B1-887C-9AF04F395F29}.Release|Any CPU.Build.0 = Release|Any CPU
	EndGlobalSection
	GlobalSection(SolutionProperties) = preSolution
		HideSolutionNode = FALSE
	EndGlobalSection
	GlobalSection(ExtensibilityGlobals) = postSolution
		SolutionGuid = {8DAD0087-4A67-456A-B617-8B1AA08EED7B}
	EndGlobalSection
EndGlobal
